
Microsoft Visual Studio Solution File, Format Version 12.00
# Visual Studio 15
VisualStudioVersion = 15.0.26124.0
MinimumVisualStudioVersion = 15.0.26124.0
Project("{FAE04EC0-301F-11D3-BF4B-00C04F79EFBC}") = "MyMath", "MyMath\MyMath.csproj", "{5F795401-A0E0-4817-9457-CEF4ABCF4055}"
EndProject
Project("{FAE04EC0-301F-11D3-BF4B-00C04F79EFBC}") = "MyMath.Tests", "MyMath.Tests\MyMath.Tests.csproj", "{925452BE-8651-4891-BD4F-3363B1A42684}"
EndProject
Global
	GlobalSection(SolutionConfigurationPlatforms) = preSolution
		Debug|Any CPU = Debug|Any CPU
		Debug|x64 = Debug|x64
		Debug|x86 = Debug|x86
		Release|Any CPU = Release|Any CPU
		Release|x64 = Release|x64
		Release|x86 = Release|x86
	EndGlobalSection
	GlobalSection(SolutionProperties) = preSolution
		HideSolutionNode = FALSE
	EndGlobalSection
	GlobalSection(ProjectConfigurationPlatforms) = postSolution
		{5F795401-A0E0-4817-9457-CEF4ABCF4055}.Debug|Any CPU.ActiveCfg = Debug|Any CPU
		{5F795401-A0E0-4817-9457-CEF4ABCF4055}.Debug|Any CPU.Build.0 = Debug|Any CPU
		{5F795401-A0E0-4817-9457-CEF4ABCF4055}.Debug|x64.ActiveCfg = Debug|Any CPU
		{5F795401-A0E0-4817-9457-CEF4ABCF4055}.Debug|x64.Build.0 = Debug|Any CPU
		{5F795401-A0E0-4817-9457-CEF4ABCF4055}.Debug|x86.ActiveCfg = Debug|Any CPU
		{5F795401-A0E0-4817-9457-CEF4ABCF4055}.Debug|x86.Build.0 = Debug|Any CPU
		{5F795401-A0E0-4817-9457-CEF4ABCF4055}.Release|Any CPU.ActiveCfg = Release|Any CPU
		{5F795401-A0E0-4817-9457-CEF4ABCF4055}.Release|Any CPU.Build.0 = Release|Any CPU
		{5F795401-A0E0-4817-9457-CEF4ABCF4055}.Release|x64.ActiveCfg = Release|Any CPU
		{5F795401-A0E0-4817-9457-CEF4ABCF4055}.Release|x64.Build.0 = Release|Any CPU
		{5F795401-A0E0-4817-9457-CEF4ABCF4055}.Release|x86.ActiveCfg = Release|Any CPU
		{5F795401-A0E0-4817-9457-CEF4ABCF4055}.Release|x86.Build.0 = Release|Any CPU
		{925452BE-8651-4891-BD4F-3363B1A42684}.Debug|Any CPU.ActiveCfg = Debug|Any CPU
		{925452BE-8651-4891-BD4F-3363B1A42684}.Debug|Any CPU.Build.0 = Debug|Any CPU
		{925452BE-8651-4891-BD4F-3363B1A42684}.Debug|x64.ActiveCfg = Debug|Any CPU
		{925452BE-8651-4891-BD4F-3363B1A42684}.Debug|x64.Build.0 = Debug|Any CPU
		{925452BE-8651-4891-BD4F-3363B1A42684}.Debug|x86.ActiveCfg = Debug|Any CPU
		{925452BE-8651-4891-BD4F-3363B1A42684}.Debug|x86.Build.0 = Debug|Any CPU
		{925452BE-8651-4891-BD4F-3363B1A42684}.Release|Any CPU.ActiveCfg = Release|Any CPU
		{925452BE-8651-4891-BD4F-3363B1A42684}.Release|Any CPU.Build.0 = Release|Any CPU
		{925452BE-8651-4891-BD4F-3363B1A42684}.Release|x64.ActiveCfg = Release|Any CPU
		{925452BE-8651-4891-BD4F-3363B1A42684}.Release|x64.Build.0 = Release|Any CPU
		{925452BE-8651-4891-BD4F-3363B1A42684}.Release|x86.ActiveCfg = Release|Any CPU
		{925452BE-8651-4891-BD4F-3363B1A42684}.Release|x86.Build.0 = Release|Any CPU
	EndGlobalSection
EndGlobal
